{
  "name": "tableau_dev_tool",
  "version": "0.0.1",
  "lockfileVersion": 2,
  "requires": true,
  "packages": {
    "": {
      "name": "tableau_dev_tool",
      "version": "0.0.1",
      "license": "MIT",
      "dependencies": {
        "node-filelist": "^1.0.0",
        "yaml": "^2.2.1"
      }
    },
    "node_modules/lodash": {
      "version": "4.17.21",
      "resolved": "https://registry.npmjs.org/lodash/-/lodash-4.17.21.tgz",
      "integrity": "sha512-v2kDEe57lecTulaDIuNTPy3Ry4gLGJ6Z1O3vE1krgXZNrsQ+LFTGHVxVjcXPs17LhbZVGedAJv8XZ1tvj5FvSg=="
    },
    "node_modules/node-filelist": {
      "version": "1.0.0",
      "resolved": "https://registry.npmjs.org/node-filelist/-/node-filelist-1.0.0.tgz",
      "integrity": "sha512-10gxv+GUQnI/9V1BfycujiPd69pGeyFVvzVR70jSs4AzVQBNBlDPdYNoLONo71n51nV/zsx+hC2TVni3nfhIog==",
      "dependencies": {
        "async": "^2.0.1"
      }
    },
    "node_modules/node-filelist/node_modules/async": {
      "version": "2.6.4",
      "resolved": "https://registry.npmjs.org/async/-/async-2.6.4.tgz",
      "integrity": "sha512-mzo5dfJYwAn29PeiJ0zvwTo04zj8HDJj0Mn8TD7sno7q12prdbnasKJHhkm2c1LgrhlJ0teaea8860oxi51mGA==",
      "dependencies": {
        "lodash": "^4.17.14"
      }
    },
    "node_modules/yaml": {
      "version": "2.2.1",
      "resolved": "https://registry.npmjs.org/yaml/-/yaml-2.2.1.tgz",
      "integrity": "sha512-e0WHiYql7+9wr4cWMx3TVQrNwejKaEe7/rHNmQmqRjazfOP5W8PB6Jpebb5o6fIapbz9o9+2ipcaTM2ZwDI6lw==",
      "engines": {
        "node": ">= 14"
      }
    }
  },
  "dependencies": {
    "lodash": {
      "version": "4.17.21",
      "resolved": "https://registry.npmjs.org/lodash/-/lodash-4.17.21.tgz",
      "integrity": "sha512-v2kDEe57lecTulaDIuNTPy3Ry4gLGJ6Z1O3vE1krgXZNrsQ+LFTGHVxVjcXPs17LhbZVGedAJv8XZ1tvj5FvSg=="
    },
    "node-filelist": {
      "version": "1.0.0",
      "resolved": "https://registry.npmjs.org/node-filelist/-/node-filelist-1.0.0.tgz",
      "integrity": "sha512-10gxv+GUQnI/9V1BfycujiPd69pGeyFVvzVR70jSs4AzVQBNBlDPdYNoLONo71n51nV/zsx+hC2TVni3nfhIog==",
      "requires": {
        "async": "^2.0.1"
      },
      "dependencies": {
        "async": {
          "version": "2.6.4",
          "resolved": "https://registry.npmjs.org/async/-/async-2.6.4.tgz",
          "integrity": "sha512-mzo5dfJYwAn29PeiJ0zvwTo04zj8HDJj0Mn8TD7sno7q12prdbnasKJHhkm2c1LgrhlJ0teaea8860oxi51mGA==",
          "requires": {
            "lodash": "^4.17.14"
          }
        }
      }
    },
    "yaml": {
      "version": "2.2.1",
      "resolved": "https://registry.npmjs.org/yaml/-/yaml-2.2.1.tgz",
      "integrity": "sha512-e0WHiYql7+9wr4cWMx3TVQrNwejKaEe7/rHNmQmqRjazfOP5W8PB6Jpebb5o6fIapbz9o9+2ipcaTM2ZwDI6lw=="
    }
  }
}
